
Microsoft Visual Studio Solution File, Format Version 12.00
# Visual Studio Version 16
VisualStudioVersion = 16.0.31313.79
MinimumVisualStudioVersion = 10.0.40219.1
Project("{FAE04EC0-301F-11D3-BF4B-00C04F79EFBC}") = "ZeroHour_Hacks", "ZeroHour_Hacks\ZeroHour_Hacks.csproj", "{F503BBDC-148D-4D51-8DBB-86BFBF36AAF2}"
EndProject
Global
	GlobalSection(SolutionConfigurationPlatforms) = preSolution
		_Debug|Any CPU = _Debug|Any CPU
		Private_Release|Any CPU = Private_Release|Any CPU
		Public_Release|Any CPU = Public_Release|Any CPU
		TESTING|Any CPU = TESTING|Any CPU
	EndGlobalSection
	GlobalSection(ProjectConfigurationPlatforms) = postSolution
		{F503BBDC-148D-4D51-8DBB-86BFBF36AAF2}._Debug|Any CPU.ActiveCfg = Debug|Any CPU
		{F503BBDC-148D-4D51-8DBB-86BFBF36AAF2}._Debug|Any CPU.Build.0 = Debug|Any CPU
		{F503BBDC-148D-4D51-8DBB-86BFBF36AAF2}.Private_Release|Any CPU.ActiveCfg = Private|Any CPU
		{F503BBDC-148D-4D51-8DBB-86BFBF36AAF2}.Private_Release|Any CPU.Build.0 = Private|Any CPU
		{F503BBDC-148D-4D51-8DBB-86BFBF36AAF2}.Public_Release|Any CPU.ActiveCfg = Public_Release|Any CPU
		{F503BBDC-148D-4D51-8DBB-86BFBF36AAF2}.Public_Release|Any CPU.Build.0 = Public_Release|Any CPU
		{F503BBDC-148D-4D51-8DBB-86BFBF36AAF2}.TESTING|Any CPU.ActiveCfg = Release|Any CPU
		{F503BBDC-148D-4D51-8DBB-86BFBF36AAF2}.TESTING|Any CPU.Build.0 = Release|Any CPU
	EndGlobalSection
	GlobalSection(SolutionProperties) = preSolution
		HideSolutionNode = FALSE
	EndGlobalSection
	GlobalSection(ExtensibilityGlobals) = postSolution
		SolutionGuid = {49642FD8-342D-4B81-9699-5E6AEDDEEA25}
	EndGlobalSection
EndGlobal
